
Microsoft Visual Studio Solution File, Format Version 12.00
# Visual Studio Version 17
VisualStudioVersion = 17.3.32929.385
MinimumVisualStudioVersion = 10.0.40219.1
Project("{FAE04EC0-301F-11D3-BF4B-00C04F79EFBC}") = "WpfToDoList", "WpfToDoList\WpfToDoList.csproj", "{56E587BF-50A8-421E-920A-540489BF510D}"
EndProject
Global
	GlobalSection(SolutionConfigurationPlatforms) = preSolution
		Debug|Any CPU = Debug|Any CPU
		Release|Any CPU = Release|Any CPU
	EndGlobalSection
	GlobalSection(ProjectConfigurationPlatforms) = postSolution
		{56E587BF-50A8-421E-920A-540489BF510D}.Debug|Any CPU.ActiveCfg = Debug|Any CPU
		{56E587BF-50A8-421E-920A-540489BF510D}.Debug|Any CPU.Build.0 = Debug|Any CPU
		{56E587BF-50A8-421E-920A-540489BF510D}.Release|Any CPU.ActiveCfg = Release|Any CPU
		{56E587BF-50A8-421E-920A-540489BF510D}.Release|Any CPU.Build.0 = Release|Any CPU
	EndGlobalSection
	GlobalSection(SolutionProperties) = preSolution
		HideSolutionNode = FALSE
	EndGlobalSection
	GlobalSection(ExtensibilityGlobals) = postSolution
		SolutionGuid = {CE7E9E43-6224-4B4C-8509-C7DD66D8317F}
	EndGlobalSection
EndGlobal
